
Microsoft Visual Studio Solution File, Format Version 12.00
# Visual Studio Version 17
VisualStudioVersion = 17.8.34309.116
MinimumVisualStudioVersion = 10.0.40219.1
Project("{9A19103F-16F7-4668-BE54-9A1E7A4F7556}") = "Common", "Common\Common.csproj", "{BA8FD598-029C-48B4-9046-95C89F214B9C}"
EndProject
Project("{9A19103F-16F7-4668-BE54-9A1E7A4F7556}") = "IdentityServer", "IdentityServer\IdentityServer.csproj", "{8A6542FB-A445-49F5-A5C7-20CB26FA5269}"
EndProject
Project("{9A19103F-16F7-4668-BE54-9A1E7A4F7556}") = "Todos.MVC", "Todos.MVC\Todos.MVC.csproj", "{50CA66F0-C185-4617-A0D7-F43B8D48099E}"
EndProject
Global
	GlobalSection(SolutionConfigurationPlatforms) = preSolution
		Debug|Any CPU = Debug|Any CPU
		Release|Any CPU = Release|Any CPU
	EndGlobalSection
	GlobalSection(ProjectConfigurationPlatforms) = postSolution
		{BA8FD598-029C-48B4-9046-95C89F214B9C}.Debug|Any CPU.ActiveCfg = Debug|Any CPU
		{BA8FD598-029C-48B4-9046-95C89F214B9C}.Debug|Any CPU.Build.0 = Debug|Any CPU
		{BA8FD598-029C-48B4-9046-95C89F214B9C}.Release|Any CPU.ActiveCfg = Release|Any CPU
		{BA8FD598-029C-48B4-9046-95C89F214B9C}.Release|Any CPU.Build.0 = Release|Any CPU
		{8A6542FB-A445-49F5-A5C7-20CB26FA5269}.Debug|Any CPU.ActiveCfg = Debug|Any CPU
		{8A6542FB-A445-49F5-A5C7-20CB26FA5269}.Debug|Any CPU.Build.0 = Debug|Any CPU
		{8A6542FB-A445-49F5-A5C7-20CB26FA5269}.Release|Any CPU.ActiveCfg = Release|Any CPU
		{8A6542FB-A445-49F5-A5C7-20CB26FA5269}.Release|Any CPU.Build.0 = Release|Any CPU
		{50CA66F0-C185-4617-A0D7-F43B8D48099E}.Debug|Any CPU.ActiveCfg = Debug|Any CPU
		{50CA66F0-C185-4617-A0D7-F43B8D48099E}.Debug|Any CPU.Build.0 = Debug|Any CPU
		{50CA66F0-C185-4617-A0D7-F43B8D48099E}.Release|Any CPU.ActiveCfg = Release|Any CPU
		{50CA66F0-C185-4617-A0D7-F43B8D48099E}.Release|Any CPU.Build.0 = Release|Any CPU
	EndGlobalSection
	GlobalSection(SolutionProperties) = preSolution
		HideSolutionNode = FALSE
	EndGlobalSection
	GlobalSection(ExtensibilityGlobals) = postSolution
		SolutionGuid = {EDC84E0D-3A7D-43C0-889D-45EAE3A97D9A}
	EndGlobalSection
EndGlobal
